
Microsoft Visual Studio Solution File, Format Version 12.00
# Visual Studio Version 17
VisualStudioVersion = 17.10.35013.160
MinimumVisualStudioVersion = 10.0.40219.1
Project("{2150E333-8FDC-42A3-9474-1A3956D46DE8}") = "Shared", "Shared", "{A271747C-FD41-490A-8F8E-C36A19751AE0}"
EndProject
Project("{9A19103F-16F7-4668-BE54-9A1E7A4F7556}") = "Shared.Domain", "Shared\Shared.Domain\Shared.Domain.csproj", "{822314CA-D49F-4869-9508-DD47A80AE350}"
EndProject
Project("{9A19103F-16F7-4668-BE54-9A1E7A4F7556}") = "Shared.Application", "Shared\Shared.Application\Shared.Application.csproj", "{1452B2BE-2768-4D5B-910A-350EC3E426BB}"
EndProject
Project("{9A19103F-16F7-4668-BE54-9A1E7A4F7556}") = "Shared.Infrastructure", "Shared\Shared.Infrastructure\Shared.Infrastructure.csproj", "{5C6A7F63-8901-4FB1-A197-4376C1A7DD6E}"
EndProject
Project("{9A19103F-16F7-4668-BE54-9A1E7A4F7556}") = "Shared.ServiceRegistry", "Shared\Shared.ServiceRegistry\Shared.ServiceRegistry.csproj", "{8654B545-238F-4871-95E3-0F4C0CE3A27E}"
EndProject
Project("{9A19103F-16F7-4668-BE54-9A1E7A4F7556}") = "RNG", "Shared\RNG\RNG.csproj", "{CDC9B2F9-F3DF-4356-B4EC-FFBC7E181C41}"
EndProject
Project("{2150E333-8FDC-42A3-9474-1A3956D46DE8}") = "Solution Items", "Solution Items", "{DA96FAEE-F16A-4C7D-993A-0273D82AE778}"
	ProjectSection(SolutionItems) = preProject
		.gitignore = .gitignore
	EndProjectSection
EndProject
Project("{2150E333-8FDC-42A3-9474-1A3956D46DE8}") = "Wheel", "Wheel", "{A41788BA-A633-452E-B173-F2F8393FC2D3}"
EndProject
Project("{9A19103F-16F7-4668-BE54-9A1E7A4F7556}") = "Wheel.Api", "Wheel\Wheel.Api\Wheel.Api.csproj", "{4426417E-7CE4-4A70-9066-60D9022800C2}"
EndProject
Project("{2150E333-8FDC-42A3-9474-1A3956D46DE8}") = "Hub", "Hub", "{5B114121-70BA-495E-B484-1D580402C72C}"
EndProject
Project("{9A19103F-16F7-4668-BE54-9A1E7A4F7556}") = "Hub.Api", "Hub\Hub.Api\Hub.Api.csproj", "{AE73ACD9-B179-4BCD-9FCC-B8CCAE21BF45}"
EndProject
Project("{9A19103F-16F7-4668-BE54-9A1E7A4F7556}") = "Shared.Lib", "Shared\Shared.Lib\Shared.Lib.csproj", "{11FA0E70-38DC-49A3-A762-88321BB81A87}"
EndProject
Project("{9A19103F-16F7-4668-BE54-9A1E7A4F7556}") = "ApiGateway", "ApiGateway\ApiGateway.csproj", "{1C296755-9E07-4311-BD31-B0F59D2433C4}"
EndProject
Global
	GlobalSection(SolutionConfigurationPlatforms) = preSolution
		Debug|Any CPU = Debug|Any CPU
		Release|Any CPU = Release|Any CPU
	EndGlobalSection
	GlobalSection(ProjectConfigurationPlatforms) = postSolution
		{822314CA-D49F-4869-9508-DD47A80AE350}.Debug|Any CPU.ActiveCfg = Debug|Any CPU
		{822314CA-D49F-4869-9508-DD47A80AE350}.Debug|Any CPU.Build.0 = Debug|Any CPU
		{822314CA-D49F-4869-9508-DD47A80AE350}.Release|Any CPU.ActiveCfg = Release|Any CPU
		{822314CA-D49F-4869-9508-DD47A80AE350}.Release|Any CPU.Build.0 = Release|Any CPU
		{1452B2BE-2768-4D5B-910A-350EC3E426BB}.Debug|Any CPU.ActiveCfg = Debug|Any CPU
		{1452B2BE-2768-4D5B-910A-350EC3E426BB}.Debug|Any CPU.Build.0 = Debug|Any CPU
		{1452B2BE-2768-4D5B-910A-350EC3E426BB}.Release|Any CPU.ActiveCfg = Release|Any CPU
		{1452B2BE-2768-4D5B-910A-350EC3E426BB}.Release|Any CPU.Build.0 = Release|Any CPU
		{5C6A7F63-8901-4FB1-A197-4376C1A7DD6E}.Debug|Any CPU.ActiveCfg = Debug|Any CPU
		{5C6A7F63-8901-4FB1-A197-4376C1A7DD6E}.Debug|Any CPU.Build.0 = Debug|Any CPU
		{5C6A7F63-8901-4FB1-A197-4376C1A7DD6E}.Release|Any CPU.ActiveCfg = Release|Any CPU
		{5C6A7F63-8901-4FB1-A197-4376C1A7DD6E}.Release|Any CPU.Build.0 = Release|Any CPU
		{8654B545-238F-4871-95E3-0F4C0CE3A27E}.Debug|Any CPU.ActiveCfg = Debug|Any CPU
		{8654B545-238F-4871-95E3-0F4C0CE3A27E}.Debug|Any CPU.Build.0 = Debug|Any CPU
		{8654B545-238F-4871-95E3-0F4C0CE3A27E}.Release|Any CPU.ActiveCfg = Release|Any CPU
		{8654B545-238F-4871-95E3-0F4C0CE3A27E}.Release|Any CPU.Build.0 = Release|Any CPU
		{CDC9B2F9-F3DF-4356-B4EC-FFBC7E181C41}.Debug|Any CPU.ActiveCfg = Debug|Any CPU
		{CDC9B2F9-F3DF-4356-B4EC-FFBC7E181C41}.Debug|Any CPU.Build.0 = Debug|Any CPU
		{CDC9B2F9-F3DF-4356-B4EC-FFBC7E181C41}.Release|Any CPU.ActiveCfg = Release|Any CPU
		{CDC9B2F9-F3DF-4356-B4EC-FFBC7E181C41}.Release|Any CPU.Build.0 = Release|Any CPU
		{4426417E-7CE4-4A70-9066-60D9022800C2}.Debug|Any CPU.ActiveCfg = Debug|Any CPU
		{4426417E-7CE4-4A70-9066-60D9022800C2}.Debug|Any CPU.Build.0 = Debug|Any CPU
		{4426417E-7CE4-4A70-9066-60D9022800C2}.Release|Any CPU.ActiveCfg = Release|Any CPU
		{4426417E-7CE4-4A70-9066-60D9022800C2}.Release|Any CPU.Build.0 = Release|Any CPU
		{AE73ACD9-B179-4BCD-9FCC-B8CCAE21BF45}.Debug|Any CPU.ActiveCfg = Debug|Any CPU
		{AE73ACD9-B179-4BCD-9FCC-B8CCAE21BF45}.Debug|Any CPU.Build.0 = Debug|Any CPU
		{AE73ACD9-B179-4BCD-9FCC-B8CCAE21BF45}.Release|Any CPU.ActiveCfg = Release|Any CPU
		{AE73ACD9-B179-4BCD-9FCC-B8CCAE21BF45}.Release|Any CPU.Build.0 = Release|Any CPU
		{11FA0E70-38DC-49A3-A762-88321BB81A87}.Debug|Any CPU.ActiveCfg = Debug|Any CPU
		{11FA0E70-38DC-49A3-A762-88321BB81A87}.Debug|Any CPU.Build.0 = Debug|Any CPU
		{11FA0E70-38DC-49A3-A762-88321BB81A87}.Release|Any CPU.ActiveCfg = Release|Any CPU
		{11FA0E70-38DC-49A3-A762-88321BB81A87}.Release|Any CPU.Build.0 = Release|Any CPU
		{1C296755-9E07-4311-BD31-B0F59D2433C4}.Debug|Any CPU.ActiveCfg = Debug|Any CPU
		{1C296755-9E07-4311-BD31-B0F59D2433C4}.Debug|Any CPU.Build.0 = Debug|Any CPU
		{1C296755-9E07-4311-BD31-B0F59D2433C4}.Release|Any CPU.ActiveCfg = Release|Any CPU
		{1C296755-9E07-4311-BD31-B0F59D2433C4}.Release|Any CPU.Build.0 = Release|Any CPU
	EndGlobalSection
	GlobalSection(SolutionProperties) = preSolution
		HideSolutionNode = FALSE
	EndGlobalSection
	GlobalSection(NestedProjects) = preSolution
		{822314CA-D49F-4869-9508-DD47A80AE350} = {A271747C-FD41-490A-8F8E-C36A19751AE0}
		{1452B2BE-2768-4D5B-910A-350EC3E426BB} = {A271747C-FD41-490A-8F8E-C36A19751AE0}
		{5C6A7F63-8901-4FB1-A197-4376C1A7DD6E} = {A271747C-FD41-490A-8F8E-C36A19751AE0}
		{8654B545-238F-4871-95E3-0F4C0CE3A27E} = {A271747C-FD41-490A-8F8E-C36A19751AE0}
		{CDC9B2F9-F3DF-4356-B4EC-FFBC7E181C41} = {A271747C-FD41-490A-8F8E-C36A19751AE0}
		{4426417E-7CE4-4A70-9066-60D9022800C2} = {A41788BA-A633-452E-B173-F2F8393FC2D3}
		{AE73ACD9-B179-4BCD-9FCC-B8CCAE21BF45} = {5B114121-70BA-495E-B484-1D580402C72C}
		{11FA0E70-38DC-49A3-A762-88321BB81A87} = {A271747C-FD41-490A-8F8E-C36A19751AE0}
	EndGlobalSection
	GlobalSection(ExtensibilityGlobals) = postSolution
		SolutionGuid = {2083D19C-3851-4364-95A9-449C10AD54E0}
	EndGlobalSection
EndGlobal
