
Microsoft Visual Studio Solution File, Format Version 12.00
# Visual Studio Version 17
VisualStudioVersion = 17.10.35013.160
MinimumVisualStudioVersion = 10.0.40219.1
Project("{2150E333-8FDC-42A3-9474-1A3956D46DE8}") = "Solution Items", "Solution Items", "{DA96FAEE-F16A-4C7D-993A-0273D82AE778}"
	ProjectSection(SolutionItems) = preProject
		.gitignore = .gitignore
		docker-compose.yml = docker-compose.yml
	EndProjectSection
EndProject
Project("{2150E333-8FDC-42A3-9474-1A3956D46DE8}") = "Wheel", "Wheel", "{A41788BA-A633-452E-B173-F2F8393FC2D3}"
EndProject
Project("{9A19103F-16F7-4668-BE54-9A1E7A4F7556}") = "Wheel.Api", "Games\Wheel\Wheel.Api\Wheel.Api.csproj", "{4426417E-7CE4-4A70-9066-60D9022800C2}"
EndProject
Project("{9A19103F-16F7-4668-BE54-9A1E7A4F7556}") = "Wheel.Domain", "Games\Wheel\Wheel.Domain\Wheel.Domain.csproj", "{A20AD3CC-90A6-487C-88FD-04F22ACB728A}"
EndProject
Project("{9A19103F-16F7-4668-BE54-9A1E7A4F7556}") = "Wheel.Infrastructure", "Games\Wheel\Wheel.Infrastructure\Wheel.Infrastructure.csproj", "{C601018A-2CF9-4D59-9BF6-10C64E81CC67}"
EndProject
Project("{2150E333-8FDC-42A3-9474-1A3956D46DE8}") = "Hub", "Hub", "{5B114121-70BA-495E-B484-1D580402C72C}"
EndProject
Project("{9A19103F-16F7-4668-BE54-9A1E7A4F7556}") = "Wheel.Application", "Games\Wheel\Wheel.Application\Wheel.Application.csproj", "{70BF865D-735E-4D08-9593-5D42A2ADC1F1}"
EndProject
Project("{2150E333-8FDC-42A3-9474-1A3956D46DE8}") = "Admin", "Admin", "{1D153E14-4B13-413B-ACA0-200CEE0D39E2}"
EndProject
Project("{9A19103F-16F7-4668-BE54-9A1E7A4F7556}") = "OnAim.Admin.API", "Admin\OnAim.Admin.API\OnAim.Admin.API.csproj", "{AC0B5C44-DC83-4188-B5EE-18A9B6BCF7F8}"
EndProject
Project("{9A19103F-16F7-4668-BE54-9A1E7A4F7556}") = "OnAim.Admin.APP", "Admin\OnAim.Admin.APP\OnAim.Admin.APP.csproj", "{801D27FF-C270-4D00-A0C6-030CD99B3593}"
EndProject
Project("{9A19103F-16F7-4668-BE54-9A1E7A4F7556}") = "OnAim.Admin.Infrasturcture", "Admin\OnAim.Admin.Infrasturcture\OnAim.Admin.Infrasturcture.csproj", "{CDEAE9BB-F44A-46F2-8B17-8FA2E1A66078}"
EndProject
Project("{9A19103F-16F7-4668-BE54-9A1E7A4F7556}") = "Wheel.IntegrationEvents", "Games\Wheel\Wheel.IntegrationEvents\Wheel.IntegrationEvents.csproj", "{08F87627-5903-41E1-8910-47E2CC16107A}"
EndProject
Project("{2150E333-8FDC-42A3-9474-1A3956D46DE8}") = "GameLib", "GameLib", "{84BAAD6A-FD44-49FC-9029-AA8C8C782937}"
EndProject
Project("{2150E333-8FDC-42A3-9474-1A3956D46DE8}") = "Games", "Games", "{7394F16F-EFEA-40CA-A016-A25DBE9A4502}"
EndProject
Project("{2150E333-8FDC-42A3-9474-1A3956D46DE8}") = "Tools", "Tools", "{C580EC1E-51A8-4456-B5A5-5BA6C55D4E9F}"
	ProjectSection(SolutionItems) = preProject
		Tools\GloballyVisibleClassGenerator.exe = Tools\GloballyVisibleClassGenerator.exe
	EndProjectSection
EndProject
Project("{2150E333-8FDC-42A3-9474-1A3956D46DE8}") = "Lib", "Lib", "{7ED45872-F53F-4A8A-A905-3069A7445851}"
EndProject
Project("{2150E333-8FDC-42A3-9474-1A3956D46DE8}") = "Leaderboard", "Leaderboard", "{B24D12B4-8046-42D7-917F-BEA0A34BDAE6}"
EndProject
Project("{9A19103F-16F7-4668-BE54-9A1E7A4F7556}") = "OnAim.Admin.Domain", "Admin\OnAim.Admin.Domain\OnAim.Admin.Domain.csproj", "{FF6A95D3-2090-4950-BA6D-4820730EAFEF}"
EndProject
Project("{9A19103F-16F7-4668-BE54-9A1E7A4F7556}") = "OnAim.Admin.Test", "Admin\OnAim.Admin.Test\OnAim.Admin.Test.csproj", "{D8DF2E79-D7AD-4DC3-9E1E-AB99B7E302EA}"
EndProject
Project("{2150E333-8FDC-42A3-9474-1A3956D46DE8}") = "LevelService", "LevelService", "{6E18BD1A-79F3-4426-BCC0-C2B3D0252D16}"
EndProject
Project("{2150E333-8FDC-42A3-9474-1A3956D46DE8}") = "MissionService", "MissionService", "{D3581D6D-E32F-4BEC-A272-8B94B6D18647}"
EndProject
Project("{9A19103F-16F7-4668-BE54-9A1E7A4F7556}") = "OnAim.Admin.Contracts", "Admin\OnAim.Admin.Contracts\OnAim.Admin.Contracts.csproj", "{5B29239F-1E24-4F40-A7E5-3D2BEC39C469}"
EndProject
Project("{9A19103F-16F7-4668-BE54-9A1E7A4F7556}") = "OnAim.Admin.CrossCuttingConcerns", "Admin\OnAim.Admin.CrossCuttingConcerns\OnAim.Admin.CrossCuttingConcerns.csproj", "{37EE6344-C23C-418F-93BB-F9A802B76A25}"
EndProject
Project("{2150E333-8FDC-42A3-9474-1A3956D46DE8}") = "Core", "Core", "{5FD9E795-323A-4596-9482-FA96DD6D16B9}"
EndProject
Project("{2150E333-8FDC-42A3-9474-1A3956D46DE8}") = "Helpers", "Helpers", "{9049DAE2-DF45-41A1-9114-98F5AE2D8D04}"
EndProject
Project("{2150E333-8FDC-42A3-9474-1A3956D46DE8}") = "BuildingBlocks", "BuildingBlocks", "{43AA78F0-5CEE-4C98-B792-B28B77783EF7}"
EndProject
Project("{2150E333-8FDC-42A3-9474-1A3956D46DE8}") = "CoreModules", "CoreModules", "{C5337EEE-10D7-4E7F-8A21-0096E2569214}"
EndProject
Project("{9A19103F-16F7-4668-BE54-9A1E7A4F7556}") = "RNG", "BuildingBlocks\RNG\RNG.csproj", "{BAB25784-97C2-45C1-922A-6DD0D011AEC8}"
EndProject
Project("{9A19103F-16F7-4668-BE54-9A1E7A4F7556}") = "Shared.Application", "BuildingBlocks\Shared.Application\Shared.Application.csproj", "{D988B950-2643-4D98-A010-64983374A641}"
EndProject
Project("{9A19103F-16F7-4668-BE54-9A1E7A4F7556}") = "Shared.Infrastructure", "BuildingBlocks\Shared.Infrastructure\Shared.Infrastructure.csproj", "{FE5EF3FD-498E-428F-950D-67AD87448CA1}"
EndProject
Project("{9A19103F-16F7-4668-BE54-9A1E7A4F7556}") = "Shared.Domain", "BuildingBlocks\Shared.Domain\Shared.Domain.csproj", "{1D56C288-7C54-4B77-8027-B8E3070223C2}"
EndProject
Project("{9A19103F-16F7-4668-BE54-9A1E7A4F7556}") = "Shared.IntegrationEvents", "BuildingBlocks\Shared.IntegrationEvents\Shared.IntegrationEvents.csproj", "{C6AF7935-5425-4E3C-900E-09595D9B0BA5}"
EndProject
Project("{9A19103F-16F7-4668-BE54-9A1E7A4F7556}") = "Shared.Lib", "BuildingBlocks\Shared.Lib\Shared.Lib.csproj", "{59F8E32E-C8B2-4D51-B87C-AF7E7883F9A8}"
EndProject
Project("{9A19103F-16F7-4668-BE54-9A1E7A4F7556}") = "Hub.Api", "Core\Hub\Hub.Api\Hub.Api.csproj", "{FF3C29C3-60F2-4A1F-99A5-4D333000ECBF}"
EndProject
Project("{9A19103F-16F7-4668-BE54-9A1E7A4F7556}") = "Hub.Application", "Core\Hub\Hub.Application\Hub.Application.csproj", "{568259FA-4018-4CF8-AF7F-12D36B6F4AE5}"
EndProject
Project("{9A19103F-16F7-4668-BE54-9A1E7A4F7556}") = "Hub.Domain", "Core\Hub\Hub.Domain\Hub.Domain.csproj", "{1C7B1A68-20BE-4616-A851-92FB16FB001A}"
EndProject
Project("{9A19103F-16F7-4668-BE54-9A1E7A4F7556}") = "Hub.Infrastructure", "Core\Hub\Hub.Infrastructure\Hub.Infrastructure.csproj", "{4CBDE267-4509-4713-ADB8-99A09F8436FF}"
EndProject
Project("{9A19103F-16F7-4668-BE54-9A1E7A4F7556}") = "Hub.IntegrationEvents", "Core\Hub\Hub.IntegrationEvents\Hub.IntegrationEvents.csproj", "{1BAFE695-1170-4B25-9AB8-E329E213B734}"
EndProject
Project("{9A19103F-16F7-4668-BE54-9A1E7A4F7556}") = "Leaderboard.Api", "CoreModules\Leaderboard\Leaderboard.Api\Leaderboard.Api.csproj", "{2F0E1FB2-2BE5-40F2-8DDB-F26261294E92}"
EndProject
Project("{9A19103F-16F7-4668-BE54-9A1E7A4F7556}") = "Leaderboard.Application", "CoreModules\Leaderboard\Leaderboard.Application\Leaderboard.Application.csproj", "{4D3367AE-B327-4836-A172-B6AAD2E4413F}"
EndProject
Project("{9A19103F-16F7-4668-BE54-9A1E7A4F7556}") = "Leaderboard.Domain", "CoreModules\Leaderboard\Leaderboard.Domain\Leaderboard.Domain.csproj", "{5A08411D-C049-4F35-B8E6-D469D6610BA6}"
EndProject
Project("{9A19103F-16F7-4668-BE54-9A1E7A4F7556}") = "Leaderboard.Infrastructure", "CoreModules\Leaderboard\Leaderboard.Infrastructure\Leaderboard.Infrastructure.csproj", "{389D6E36-A376-4C77-BCF7-38DA28780D2E}"
EndProject
Project("{9A19103F-16F7-4668-BE54-9A1E7A4F7556}") = "Leaderboard.IntegrationEvents", "CoreModules\Leaderboard\Leaderboard.IntegrationEvents\Leaderboard.IntegrationEvents.csproj", "{51DFB55D-2ADD-4E65-84C3-23EEB1BD7C45}"
EndProject
Project("{9A19103F-16F7-4668-BE54-9A1E7A4F7556}") = "LevelService.Api", "CoreModules\LevelService\LevelService.Api\LevelService.Api.csproj", "{6CDBEB4D-ADDD-434D-A3FA-E7AF316AFD2A}"
EndProject
Project("{9A19103F-16F7-4668-BE54-9A1E7A4F7556}") = "LevelService.Application", "CoreModules\LevelService\LevelService.Application\LevelService.Application.csproj", "{5BBA05CF-7AB7-476D-A3B8-F9A5E3D12A7F}"
EndProject
Project("{9A19103F-16F7-4668-BE54-9A1E7A4F7556}") = "LevelService.Domain", "CoreModules\LevelService\LevelService.Domain\LevelService.Domain.csproj", "{B284BB47-286E-41FC-8D6F-E88367EBB693}"
EndProject
Project("{9A19103F-16F7-4668-BE54-9A1E7A4F7556}") = "LevelService.Infrastructure", "CoreModules\LevelService\LevelService.Infrastructure\LevelService.Infrastructure.csproj", "{4735598E-3150-41A0-83DA-C03541C9B72F}"
EndProject
Project("{9A19103F-16F7-4668-BE54-9A1E7A4F7556}") = "LevelService.IntegrationEvents", "CoreModules\LevelService\LevelService.IntegrationEvents\LevelService.IntegrationEvents.csproj", "{AB6DA801-AA0E-40D3-982E-2AD312176B97}"
EndProject
Project("{9A19103F-16F7-4668-BE54-9A1E7A4F7556}") = "MissionService.Api", "CoreModules\MissionService\MissionService.Api\MissionService.Api.csproj", "{1F50E81B-66B7-4B7E-8B18-C91A65F817FE}"
EndProject
Project("{9A19103F-16F7-4668-BE54-9A1E7A4F7556}") = "MissionService.Application", "CoreModules\MissionService\MissionService.Application\MissionService.Application.csproj", "{8A7F607E-B841-472B-A0F1-B8421B3D85F7}"
EndProject
Project("{9A19103F-16F7-4668-BE54-9A1E7A4F7556}") = "MissionService.Domain", "CoreModules\MissionService\MissionService.Domain\MissionService.Domain.csproj", "{A4FD3135-DB5B-4F94-A3FA-A98ECF6D4F3C}"
EndProject
Project("{9A19103F-16F7-4668-BE54-9A1E7A4F7556}") = "MissionService.Infrastructure", "CoreModules\MissionService\MissionService.Infrastructure\MissionService.Infrastructure.csproj", "{7C03A7BD-F004-4E0E-8B0E-EB763F000CD4}"
EndProject
Project("{9A19103F-16F7-4668-BE54-9A1E7A4F7556}") = "MissionService.IntegrationEvents", "CoreModules\MissionService\MissionService.IntegrationEvents\MissionService.IntegrationEvents.csproj", "{9675D88E-794A-48CE-93C8-8C625457B65B}"
EndProject
Project("{9A19103F-16F7-4668-BE54-9A1E7A4F7556}") = "GameLib.Application", "Games\GameLib\GameLib.Application\GameLib.Application.csproj", "{6E26FB0A-F188-41B1-81C2-AB7C9C6074C6}"
EndProject
Project("{9A19103F-16F7-4668-BE54-9A1E7A4F7556}") = "GameLib.Domain", "Games\GameLib\GameLib.Domain\GameLib.Domain.csproj", "{C25E5035-992E-4329-8058-406A4BE40FA6}"
EndProject
Project("{9A19103F-16F7-4668-BE54-9A1E7A4F7556}") = "GameLib.Infrastructure", "Games\GameLib\GameLib.Infrastructure\GameLib.Infrastructure.csproj", "{8C8B0148-5E00-4C15-9FC1-6EC6F814310B}"
EndProject
Project("{9A19103F-16F7-4668-BE54-9A1E7A4F7556}") = "GameLib.ServiceRegistry", "Games\GameLib\GameLib.ServiceRegistry\GameLib.ServiceRegistry.csproj", "{194FCFC1-38C0-42F2-BFFC-AE6BBE211F92}"
EndProject
Project("{9A19103F-16F7-4668-BE54-9A1E7A4F7556}") = "Checkmate", "Helpers\Lib\CheckMate\Checkmate.csproj", "{5AC98AAC-4495-4C6B-B9EA-3B8D891EB6C4}"
EndProject
Project("{9A19103F-16F7-4668-BE54-9A1E7A4F7556}") = "OnAim.Lib.CodeGeneration.GloballyVisibleClassSharing", "Helpers\Lib\OnAim.Lib.CodeGeneration.GloballyVisibleClassSharing\OnAim.Lib.CodeGeneration.GloballyVisibleClassSharing.csproj", "{7196C9C8-BEA7-47C1-998C-070B72C0F555}"
EndProject
Project("{9A19103F-16F7-4668-BE54-9A1E7A4F7556}") = "OnAim.Lib.EntityExtension.GlobalAttributes", "Helpers\Lib\OnAim.Lib.EntityExtension.GlobalAttributes\OnAim.Lib.EntityExtension.GlobalAttributes.csproj", "{EC8CA9ED-530A-4A57-8EA1-CA71CD0B65EA}"
EndProject
Project("{9A19103F-16F7-4668-BE54-9A1E7A4F7556}") = "GloballyVisibleClassGenerator", "Helpers\Tools\GloballyVisibleClassGenerator\GloballyVisibleClassGenerator.csproj", "{43A38C51-0C1C-4DC2-9350-AD736EAF16B0}"
EndProject
Project("{9A19103F-16F7-4668-BE54-9A1E7A4F7556}") = "TempGloballyVisibleClassSharing", "Helpers\TempGloballyVisibleClassSharing\TempGloballyVisibleClassSharing.csproj", "{045CC1C8-145E-45C3-A2E8-70DB886AC7B9}"
EndProject
Project("{9A19103F-16F7-4668-BE54-9A1E7A4F7556}") = "Test", "Helpers\Test\Test.csproj", "{AB681F88-F505-49AD-B988-BCD0A6F50615}"
EndProject
Project("{9A19103F-16F7-4668-BE54-9A1E7A4F7556}") = "Test.Api", "Helpers\Test.Api\Test.Api.csproj", "{BA257B4D-7EE2-4BF5-98DA-9AEBE12F0310}"
EndProject
Project("{2150E333-8FDC-42A3-9474-1A3956D46DE8}") = "ApiGateways", "ApiGateways", "{BF9493F7-E28B-4A25-BDF9-D5F5ADC39527}"
EndProject
Project("{9A19103F-16F7-4668-BE54-9A1E7A4F7556}") = "ApiGateway", "ApiGateways\ApiGateway\ApiGateway.csproj", "{AA034460-D026-4417-B48A-613CF68152F8}"
EndProject
Project("{2150E333-8FDC-42A3-9474-1A3956D46DE8}") = "Docker", "Docker", "{EE94F689-46A1-4602-B1E2-973885B7AA6C}"
	ProjectSection(SolutionItems) = preProject
		docker-compose.yml = docker-compose.yml
	EndProjectSection
EndProject
Project("{2150E333-8FDC-42A3-9474-1A3956D46DE8}") = "Tests", "Tests", "{85636CEE-9827-4A53-AF0B-370ACC7732FD}"
EndProject
Project("{2150E333-8FDC-42A3-9474-1A3956D46DE8}") = "StateMachines", "StateMachines", "{82D0D6EE-CFB9-4685-8C77-4A6012297C0F}"
EndProject
Project("{2150E333-8FDC-42A3-9474-1A3956D46DE8}") = "SagaOrchestrationStateMachine", "SagaOrchestrationStateMachine", "{56FAC1B3-A69C-4555-A375-980040CA1E99}"
EndProject
Project("{FAE04EC0-301F-11D3-BF4B-00C04F79EFBC}") = "SagaOrchestrationStateMachine", "StateMachines\SagaOrchestrationStateMachine\SagaOrchestrationStateMachine\SagaOrchestrationStateMachine.csproj", "{F3BFE3D2-E619-4BC8-B164-ACBF72BC627B}"
EndProject
Project("{2150E333-8FDC-42A3-9474-1A3956D46DE8}") = "FileManagement", "FileManagement", "{5DCBA617-AA26-46A3-B94A-31FD1356BF64}"
EndProject
Project("{FAE04EC0-301F-11D3-BF4B-00C04F79EFBC}") = "FileService", "Helpers\FileManagement\FileService\FileService.csproj", "{37DF211A-5352-4928-A168-6444EBFB3712}"
EndProject
Global
	GlobalSection(SolutionConfigurationPlatforms) = preSolution
		Debug|Any CPU = Debug|Any CPU
		Release|Any CPU = Release|Any CPU
	EndGlobalSection
	GlobalSection(ProjectConfigurationPlatforms) = postSolution
		{4426417E-7CE4-4A70-9066-60D9022800C2}.Debug|Any CPU.ActiveCfg = Debug|Any CPU
		{4426417E-7CE4-4A70-9066-60D9022800C2}.Debug|Any CPU.Build.0 = Debug|Any CPU
		{4426417E-7CE4-4A70-9066-60D9022800C2}.Release|Any CPU.ActiveCfg = Release|Any CPU
		{4426417E-7CE4-4A70-9066-60D9022800C2}.Release|Any CPU.Build.0 = Release|Any CPU
		{A20AD3CC-90A6-487C-88FD-04F22ACB728A}.Debug|Any CPU.ActiveCfg = Debug|Any CPU
		{A20AD3CC-90A6-487C-88FD-04F22ACB728A}.Debug|Any CPU.Build.0 = Debug|Any CPU
		{A20AD3CC-90A6-487C-88FD-04F22ACB728A}.Release|Any CPU.ActiveCfg = Release|Any CPU
		{A20AD3CC-90A6-487C-88FD-04F22ACB728A}.Release|Any CPU.Build.0 = Release|Any CPU
		{C601018A-2CF9-4D59-9BF6-10C64E81CC67}.Debug|Any CPU.ActiveCfg = Debug|Any CPU
		{C601018A-2CF9-4D59-9BF6-10C64E81CC67}.Debug|Any CPU.Build.0 = Debug|Any CPU
		{C601018A-2CF9-4D59-9BF6-10C64E81CC67}.Release|Any CPU.ActiveCfg = Release|Any CPU
		{C601018A-2CF9-4D59-9BF6-10C64E81CC67}.Release|Any CPU.Build.0 = Release|Any CPU
		{70BF865D-735E-4D08-9593-5D42A2ADC1F1}.Debug|Any CPU.ActiveCfg = Debug|Any CPU
		{70BF865D-735E-4D08-9593-5D42A2ADC1F1}.Debug|Any CPU.Build.0 = Debug|Any CPU
		{70BF865D-735E-4D08-9593-5D42A2ADC1F1}.Release|Any CPU.ActiveCfg = Release|Any CPU
		{70BF865D-735E-4D08-9593-5D42A2ADC1F1}.Release|Any CPU.Build.0 = Release|Any CPU
		{AC0B5C44-DC83-4188-B5EE-18A9B6BCF7F8}.Debug|Any CPU.ActiveCfg = Debug|Any CPU
		{AC0B5C44-DC83-4188-B5EE-18A9B6BCF7F8}.Debug|Any CPU.Build.0 = Debug|Any CPU
		{AC0B5C44-DC83-4188-B5EE-18A9B6BCF7F8}.Release|Any CPU.ActiveCfg = Release|Any CPU
		{AC0B5C44-DC83-4188-B5EE-18A9B6BCF7F8}.Release|Any CPU.Build.0 = Release|Any CPU
		{801D27FF-C270-4D00-A0C6-030CD99B3593}.Debug|Any CPU.ActiveCfg = Debug|Any CPU
		{801D27FF-C270-4D00-A0C6-030CD99B3593}.Debug|Any CPU.Build.0 = Debug|Any CPU
		{801D27FF-C270-4D00-A0C6-030CD99B3593}.Release|Any CPU.ActiveCfg = Release|Any CPU
		{801D27FF-C270-4D00-A0C6-030CD99B3593}.Release|Any CPU.Build.0 = Release|Any CPU
		{CDEAE9BB-F44A-46F2-8B17-8FA2E1A66078}.Debug|Any CPU.ActiveCfg = Debug|Any CPU
		{CDEAE9BB-F44A-46F2-8B17-8FA2E1A66078}.Debug|Any CPU.Build.0 = Debug|Any CPU
		{CDEAE9BB-F44A-46F2-8B17-8FA2E1A66078}.Release|Any CPU.ActiveCfg = Release|Any CPU
		{CDEAE9BB-F44A-46F2-8B17-8FA2E1A66078}.Release|Any CPU.Build.0 = Release|Any CPU
		{08F87627-5903-41E1-8910-47E2CC16107A}.Debug|Any CPU.ActiveCfg = Debug|Any CPU
		{08F87627-5903-41E1-8910-47E2CC16107A}.Debug|Any CPU.Build.0 = Debug|Any CPU
		{08F87627-5903-41E1-8910-47E2CC16107A}.Release|Any CPU.ActiveCfg = Release|Any CPU
		{08F87627-5903-41E1-8910-47E2CC16107A}.Release|Any CPU.Build.0 = Release|Any CPU
		{FF6A95D3-2090-4950-BA6D-4820730EAFEF}.Debug|Any CPU.ActiveCfg = Debug|Any CPU
		{FF6A95D3-2090-4950-BA6D-4820730EAFEF}.Debug|Any CPU.Build.0 = Debug|Any CPU
		{FF6A95D3-2090-4950-BA6D-4820730EAFEF}.Release|Any CPU.ActiveCfg = Release|Any CPU
		{FF6A95D3-2090-4950-BA6D-4820730EAFEF}.Release|Any CPU.Build.0 = Release|Any CPU
		{D8DF2E79-D7AD-4DC3-9E1E-AB99B7E302EA}.Debug|Any CPU.ActiveCfg = Debug|Any CPU
		{D8DF2E79-D7AD-4DC3-9E1E-AB99B7E302EA}.Debug|Any CPU.Build.0 = Debug|Any CPU
		{D8DF2E79-D7AD-4DC3-9E1E-AB99B7E302EA}.Release|Any CPU.ActiveCfg = Release|Any CPU
		{D8DF2E79-D7AD-4DC3-9E1E-AB99B7E302EA}.Release|Any CPU.Build.0 = Release|Any CPU
		{5B29239F-1E24-4F40-A7E5-3D2BEC39C469}.Debug|Any CPU.ActiveCfg = Debug|Any CPU
		{5B29239F-1E24-4F40-A7E5-3D2BEC39C469}.Debug|Any CPU.Build.0 = Debug|Any CPU
		{5B29239F-1E24-4F40-A7E5-3D2BEC39C469}.Release|Any CPU.ActiveCfg = Release|Any CPU
		{5B29239F-1E24-4F40-A7E5-3D2BEC39C469}.Release|Any CPU.Build.0 = Release|Any CPU
		{37EE6344-C23C-418F-93BB-F9A802B76A25}.Debug|Any CPU.ActiveCfg = Debug|Any CPU
		{37EE6344-C23C-418F-93BB-F9A802B76A25}.Debug|Any CPU.Build.0 = Debug|Any CPU
		{37EE6344-C23C-418F-93BB-F9A802B76A25}.Release|Any CPU.ActiveCfg = Release|Any CPU
		{37EE6344-C23C-418F-93BB-F9A802B76A25}.Release|Any CPU.Build.0 = Release|Any CPU
		{BAB25784-97C2-45C1-922A-6DD0D011AEC8}.Debug|Any CPU.ActiveCfg = Debug|Any CPU
		{BAB25784-97C2-45C1-922A-6DD0D011AEC8}.Debug|Any CPU.Build.0 = Debug|Any CPU
		{BAB25784-97C2-45C1-922A-6DD0D011AEC8}.Release|Any CPU.ActiveCfg = Release|Any CPU
		{BAB25784-97C2-45C1-922A-6DD0D011AEC8}.Release|Any CPU.Build.0 = Release|Any CPU
		{D988B950-2643-4D98-A010-64983374A641}.Debug|Any CPU.ActiveCfg = Debug|Any CPU
		{D988B950-2643-4D98-A010-64983374A641}.Debug|Any CPU.Build.0 = Debug|Any CPU
		{D988B950-2643-4D98-A010-64983374A641}.Release|Any CPU.ActiveCfg = Release|Any CPU
		{D988B950-2643-4D98-A010-64983374A641}.Release|Any CPU.Build.0 = Release|Any CPU
		{FE5EF3FD-498E-428F-950D-67AD87448CA1}.Debug|Any CPU.ActiveCfg = Debug|Any CPU
		{FE5EF3FD-498E-428F-950D-67AD87448CA1}.Debug|Any CPU.Build.0 = Debug|Any CPU
		{FE5EF3FD-498E-428F-950D-67AD87448CA1}.Release|Any CPU.ActiveCfg = Release|Any CPU
		{FE5EF3FD-498E-428F-950D-67AD87448CA1}.Release|Any CPU.Build.0 = Release|Any CPU
		{1D56C288-7C54-4B77-8027-B8E3070223C2}.Debug|Any CPU.ActiveCfg = Debug|Any CPU
		{1D56C288-7C54-4B77-8027-B8E3070223C2}.Debug|Any CPU.Build.0 = Debug|Any CPU
		{1D56C288-7C54-4B77-8027-B8E3070223C2}.Release|Any CPU.ActiveCfg = Release|Any CPU
		{1D56C288-7C54-4B77-8027-B8E3070223C2}.Release|Any CPU.Build.0 = Release|Any CPU
		{C6AF7935-5425-4E3C-900E-09595D9B0BA5}.Debug|Any CPU.ActiveCfg = Debug|Any CPU
		{C6AF7935-5425-4E3C-900E-09595D9B0BA5}.Debug|Any CPU.Build.0 = Debug|Any CPU
		{C6AF7935-5425-4E3C-900E-09595D9B0BA5}.Release|Any CPU.ActiveCfg = Release|Any CPU
		{C6AF7935-5425-4E3C-900E-09595D9B0BA5}.Release|Any CPU.Build.0 = Release|Any CPU
		{59F8E32E-C8B2-4D51-B87C-AF7E7883F9A8}.Debug|Any CPU.ActiveCfg = Debug|Any CPU
		{59F8E32E-C8B2-4D51-B87C-AF7E7883F9A8}.Debug|Any CPU.Build.0 = Debug|Any CPU
		{59F8E32E-C8B2-4D51-B87C-AF7E7883F9A8}.Release|Any CPU.ActiveCfg = Release|Any CPU
		{59F8E32E-C8B2-4D51-B87C-AF7E7883F9A8}.Release|Any CPU.Build.0 = Release|Any CPU
		{FF3C29C3-60F2-4A1F-99A5-4D333000ECBF}.Debug|Any CPU.ActiveCfg = Debug|Any CPU
		{FF3C29C3-60F2-4A1F-99A5-4D333000ECBF}.Debug|Any CPU.Build.0 = Debug|Any CPU
		{FF3C29C3-60F2-4A1F-99A5-4D333000ECBF}.Release|Any CPU.ActiveCfg = Release|Any CPU
		{FF3C29C3-60F2-4A1F-99A5-4D333000ECBF}.Release|Any CPU.Build.0 = Release|Any CPU
		{568259FA-4018-4CF8-AF7F-12D36B6F4AE5}.Debug|Any CPU.ActiveCfg = Debug|Any CPU
		{568259FA-4018-4CF8-AF7F-12D36B6F4AE5}.Debug|Any CPU.Build.0 = Debug|Any CPU
		{568259FA-4018-4CF8-AF7F-12D36B6F4AE5}.Release|Any CPU.ActiveCfg = Release|Any CPU
		{568259FA-4018-4CF8-AF7F-12D36B6F4AE5}.Release|Any CPU.Build.0 = Release|Any CPU
		{1C7B1A68-20BE-4616-A851-92FB16FB001A}.Debug|Any CPU.ActiveCfg = Debug|Any CPU
		{1C7B1A68-20BE-4616-A851-92FB16FB001A}.Debug|Any CPU.Build.0 = Debug|Any CPU
		{1C7B1A68-20BE-4616-A851-92FB16FB001A}.Release|Any CPU.ActiveCfg = Release|Any CPU
		{1C7B1A68-20BE-4616-A851-92FB16FB001A}.Release|Any CPU.Build.0 = Release|Any CPU
		{4CBDE267-4509-4713-ADB8-99A09F8436FF}.Debug|Any CPU.ActiveCfg = Debug|Any CPU
		{4CBDE267-4509-4713-ADB8-99A09F8436FF}.Debug|Any CPU.Build.0 = Debug|Any CPU
		{4CBDE267-4509-4713-ADB8-99A09F8436FF}.Release|Any CPU.ActiveCfg = Release|Any CPU
		{4CBDE267-4509-4713-ADB8-99A09F8436FF}.Release|Any CPU.Build.0 = Release|Any CPU
		{1BAFE695-1170-4B25-9AB8-E329E213B734}.Debug|Any CPU.ActiveCfg = Debug|Any CPU
		{1BAFE695-1170-4B25-9AB8-E329E213B734}.Debug|Any CPU.Build.0 = Debug|Any CPU
		{1BAFE695-1170-4B25-9AB8-E329E213B734}.Release|Any CPU.ActiveCfg = Release|Any CPU
		{1BAFE695-1170-4B25-9AB8-E329E213B734}.Release|Any CPU.Build.0 = Release|Any CPU
		{2F0E1FB2-2BE5-40F2-8DDB-F26261294E92}.Debug|Any CPU.ActiveCfg = Debug|Any CPU
		{2F0E1FB2-2BE5-40F2-8DDB-F26261294E92}.Debug|Any CPU.Build.0 = Debug|Any CPU
		{2F0E1FB2-2BE5-40F2-8DDB-F26261294E92}.Release|Any CPU.ActiveCfg = Release|Any CPU
		{2F0E1FB2-2BE5-40F2-8DDB-F26261294E92}.Release|Any CPU.Build.0 = Release|Any CPU
		{4D3367AE-B327-4836-A172-B6AAD2E4413F}.Debug|Any CPU.ActiveCfg = Debug|Any CPU
		{4D3367AE-B327-4836-A172-B6AAD2E4413F}.Debug|Any CPU.Build.0 = Debug|Any CPU
		{4D3367AE-B327-4836-A172-B6AAD2E4413F}.Release|Any CPU.ActiveCfg = Release|Any CPU
		{4D3367AE-B327-4836-A172-B6AAD2E4413F}.Release|Any CPU.Build.0 = Release|Any CPU
		{5A08411D-C049-4F35-B8E6-D469D6610BA6}.Debug|Any CPU.ActiveCfg = Debug|Any CPU
		{5A08411D-C049-4F35-B8E6-D469D6610BA6}.Debug|Any CPU.Build.0 = Debug|Any CPU
		{5A08411D-C049-4F35-B8E6-D469D6610BA6}.Release|Any CPU.ActiveCfg = Release|Any CPU
		{5A08411D-C049-4F35-B8E6-D469D6610BA6}.Release|Any CPU.Build.0 = Release|Any CPU
		{389D6E36-A376-4C77-BCF7-38DA28780D2E}.Debug|Any CPU.ActiveCfg = Debug|Any CPU
		{389D6E36-A376-4C77-BCF7-38DA28780D2E}.Debug|Any CPU.Build.0 = Debug|Any CPU
		{389D6E36-A376-4C77-BCF7-38DA28780D2E}.Release|Any CPU.ActiveCfg = Release|Any CPU
		{389D6E36-A376-4C77-BCF7-38DA28780D2E}.Release|Any CPU.Build.0 = Release|Any CPU
		{51DFB55D-2ADD-4E65-84C3-23EEB1BD7C45}.Debug|Any CPU.ActiveCfg = Debug|Any CPU
		{51DFB55D-2ADD-4E65-84C3-23EEB1BD7C45}.Debug|Any CPU.Build.0 = Debug|Any CPU
		{51DFB55D-2ADD-4E65-84C3-23EEB1BD7C45}.Release|Any CPU.ActiveCfg = Release|Any CPU
		{51DFB55D-2ADD-4E65-84C3-23EEB1BD7C45}.Release|Any CPU.Build.0 = Release|Any CPU
		{6CDBEB4D-ADDD-434D-A3FA-E7AF316AFD2A}.Debug|Any CPU.ActiveCfg = Debug|Any CPU
		{6CDBEB4D-ADDD-434D-A3FA-E7AF316AFD2A}.Debug|Any CPU.Build.0 = Debug|Any CPU
		{6CDBEB4D-ADDD-434D-A3FA-E7AF316AFD2A}.Release|Any CPU.ActiveCfg = Release|Any CPU
		{6CDBEB4D-ADDD-434D-A3FA-E7AF316AFD2A}.Release|Any CPU.Build.0 = Release|Any CPU
		{5BBA05CF-7AB7-476D-A3B8-F9A5E3D12A7F}.Debug|Any CPU.ActiveCfg = Debug|Any CPU
		{5BBA05CF-7AB7-476D-A3B8-F9A5E3D12A7F}.Debug|Any CPU.Build.0 = Debug|Any CPU
		{5BBA05CF-7AB7-476D-A3B8-F9A5E3D12A7F}.Release|Any CPU.ActiveCfg = Release|Any CPU
		{5BBA05CF-7AB7-476D-A3B8-F9A5E3D12A7F}.Release|Any CPU.Build.0 = Release|Any CPU
		{B284BB47-286E-41FC-8D6F-E88367EBB693}.Debug|Any CPU.ActiveCfg = Debug|Any CPU
		{B284BB47-286E-41FC-8D6F-E88367EBB693}.Debug|Any CPU.Build.0 = Debug|Any CPU
		{B284BB47-286E-41FC-8D6F-E88367EBB693}.Release|Any CPU.ActiveCfg = Release|Any CPU
		{B284BB47-286E-41FC-8D6F-E88367EBB693}.Release|Any CPU.Build.0 = Release|Any CPU
		{4735598E-3150-41A0-83DA-C03541C9B72F}.Debug|Any CPU.ActiveCfg = Debug|Any CPU
		{4735598E-3150-41A0-83DA-C03541C9B72F}.Debug|Any CPU.Build.0 = Debug|Any CPU
		{4735598E-3150-41A0-83DA-C03541C9B72F}.Release|Any CPU.ActiveCfg = Release|Any CPU
		{4735598E-3150-41A0-83DA-C03541C9B72F}.Release|Any CPU.Build.0 = Release|Any CPU
		{AB6DA801-AA0E-40D3-982E-2AD312176B97}.Debug|Any CPU.ActiveCfg = Debug|Any CPU
		{AB6DA801-AA0E-40D3-982E-2AD312176B97}.Debug|Any CPU.Build.0 = Debug|Any CPU
		{AB6DA801-AA0E-40D3-982E-2AD312176B97}.Release|Any CPU.ActiveCfg = Release|Any CPU
		{AB6DA801-AA0E-40D3-982E-2AD312176B97}.Release|Any CPU.Build.0 = Release|Any CPU
		{1F50E81B-66B7-4B7E-8B18-C91A65F817FE}.Debug|Any CPU.ActiveCfg = Debug|Any CPU
		{1F50E81B-66B7-4B7E-8B18-C91A65F817FE}.Debug|Any CPU.Build.0 = Debug|Any CPU
		{1F50E81B-66B7-4B7E-8B18-C91A65F817FE}.Release|Any CPU.ActiveCfg = Release|Any CPU
		{1F50E81B-66B7-4B7E-8B18-C91A65F817FE}.Release|Any CPU.Build.0 = Release|Any CPU
		{8A7F607E-B841-472B-A0F1-B8421B3D85F7}.Debug|Any CPU.ActiveCfg = Debug|Any CPU
		{8A7F607E-B841-472B-A0F1-B8421B3D85F7}.Debug|Any CPU.Build.0 = Debug|Any CPU
		{8A7F607E-B841-472B-A0F1-B8421B3D85F7}.Release|Any CPU.ActiveCfg = Release|Any CPU
		{8A7F607E-B841-472B-A0F1-B8421B3D85F7}.Release|Any CPU.Build.0 = Release|Any CPU
		{A4FD3135-DB5B-4F94-A3FA-A98ECF6D4F3C}.Debug|Any CPU.ActiveCfg = Debug|Any CPU
		{A4FD3135-DB5B-4F94-A3FA-A98ECF6D4F3C}.Debug|Any CPU.Build.0 = Debug|Any CPU
		{A4FD3135-DB5B-4F94-A3FA-A98ECF6D4F3C}.Release|Any CPU.ActiveCfg = Release|Any CPU
		{A4FD3135-DB5B-4F94-A3FA-A98ECF6D4F3C}.Release|Any CPU.Build.0 = Release|Any CPU
		{7C03A7BD-F004-4E0E-8B0E-EB763F000CD4}.Debug|Any CPU.ActiveCfg = Debug|Any CPU
		{7C03A7BD-F004-4E0E-8B0E-EB763F000CD4}.Debug|Any CPU.Build.0 = Debug|Any CPU
		{7C03A7BD-F004-4E0E-8B0E-EB763F000CD4}.Release|Any CPU.ActiveCfg = Release|Any CPU
		{7C03A7BD-F004-4E0E-8B0E-EB763F000CD4}.Release|Any CPU.Build.0 = Release|Any CPU
		{9675D88E-794A-48CE-93C8-8C625457B65B}.Debug|Any CPU.ActiveCfg = Debug|Any CPU
		{9675D88E-794A-48CE-93C8-8C625457B65B}.Debug|Any CPU.Build.0 = Debug|Any CPU
		{9675D88E-794A-48CE-93C8-8C625457B65B}.Release|Any CPU.ActiveCfg = Release|Any CPU
		{9675D88E-794A-48CE-93C8-8C625457B65B}.Release|Any CPU.Build.0 = Release|Any CPU
		{6E26FB0A-F188-41B1-81C2-AB7C9C6074C6}.Debug|Any CPU.ActiveCfg = Debug|Any CPU
		{6E26FB0A-F188-41B1-81C2-AB7C9C6074C6}.Debug|Any CPU.Build.0 = Debug|Any CPU
		{6E26FB0A-F188-41B1-81C2-AB7C9C6074C6}.Release|Any CPU.ActiveCfg = Release|Any CPU
		{6E26FB0A-F188-41B1-81C2-AB7C9C6074C6}.Release|Any CPU.Build.0 = Release|Any CPU
		{C25E5035-992E-4329-8058-406A4BE40FA6}.Debug|Any CPU.ActiveCfg = Debug|Any CPU
		{C25E5035-992E-4329-8058-406A4BE40FA6}.Debug|Any CPU.Build.0 = Debug|Any CPU
		{C25E5035-992E-4329-8058-406A4BE40FA6}.Release|Any CPU.ActiveCfg = Release|Any CPU
		{C25E5035-992E-4329-8058-406A4BE40FA6}.Release|Any CPU.Build.0 = Release|Any CPU
		{8C8B0148-5E00-4C15-9FC1-6EC6F814310B}.Debug|Any CPU.ActiveCfg = Debug|Any CPU
		{8C8B0148-5E00-4C15-9FC1-6EC6F814310B}.Debug|Any CPU.Build.0 = Debug|Any CPU
		{8C8B0148-5E00-4C15-9FC1-6EC6F814310B}.Release|Any CPU.ActiveCfg = Release|Any CPU
		{8C8B0148-5E00-4C15-9FC1-6EC6F814310B}.Release|Any CPU.Build.0 = Release|Any CPU
		{194FCFC1-38C0-42F2-BFFC-AE6BBE211F92}.Debug|Any CPU.ActiveCfg = Debug|Any CPU
		{194FCFC1-38C0-42F2-BFFC-AE6BBE211F92}.Debug|Any CPU.Build.0 = Debug|Any CPU
		{194FCFC1-38C0-42F2-BFFC-AE6BBE211F92}.Release|Any CPU.ActiveCfg = Release|Any CPU
		{194FCFC1-38C0-42F2-BFFC-AE6BBE211F92}.Release|Any CPU.Build.0 = Release|Any CPU
		{5AC98AAC-4495-4C6B-B9EA-3B8D891EB6C4}.Debug|Any CPU.ActiveCfg = Debug|Any CPU
		{5AC98AAC-4495-4C6B-B9EA-3B8D891EB6C4}.Debug|Any CPU.Build.0 = Debug|Any CPU
		{5AC98AAC-4495-4C6B-B9EA-3B8D891EB6C4}.Release|Any CPU.ActiveCfg = Release|Any CPU
		{5AC98AAC-4495-4C6B-B9EA-3B8D891EB6C4}.Release|Any CPU.Build.0 = Release|Any CPU
		{7196C9C8-BEA7-47C1-998C-070B72C0F555}.Debug|Any CPU.ActiveCfg = Debug|Any CPU
		{7196C9C8-BEA7-47C1-998C-070B72C0F555}.Debug|Any CPU.Build.0 = Debug|Any CPU
		{7196C9C8-BEA7-47C1-998C-070B72C0F555}.Release|Any CPU.ActiveCfg = Release|Any CPU
		{7196C9C8-BEA7-47C1-998C-070B72C0F555}.Release|Any CPU.Build.0 = Release|Any CPU
		{EC8CA9ED-530A-4A57-8EA1-CA71CD0B65EA}.Debug|Any CPU.ActiveCfg = Debug|Any CPU
		{EC8CA9ED-530A-4A57-8EA1-CA71CD0B65EA}.Debug|Any CPU.Build.0 = Debug|Any CPU
		{EC8CA9ED-530A-4A57-8EA1-CA71CD0B65EA}.Release|Any CPU.ActiveCfg = Release|Any CPU
		{EC8CA9ED-530A-4A57-8EA1-CA71CD0B65EA}.Release|Any CPU.Build.0 = Release|Any CPU
		{43A38C51-0C1C-4DC2-9350-AD736EAF16B0}.Debug|Any CPU.ActiveCfg = Debug|Any CPU
		{43A38C51-0C1C-4DC2-9350-AD736EAF16B0}.Debug|Any CPU.Build.0 = Debug|Any CPU
		{43A38C51-0C1C-4DC2-9350-AD736EAF16B0}.Release|Any CPU.ActiveCfg = Release|Any CPU
		{43A38C51-0C1C-4DC2-9350-AD736EAF16B0}.Release|Any CPU.Build.0 = Release|Any CPU
		{045CC1C8-145E-45C3-A2E8-70DB886AC7B9}.Debug|Any CPU.ActiveCfg = Debug|Any CPU
		{045CC1C8-145E-45C3-A2E8-70DB886AC7B9}.Debug|Any CPU.Build.0 = Debug|Any CPU
		{045CC1C8-145E-45C3-A2E8-70DB886AC7B9}.Release|Any CPU.ActiveCfg = Release|Any CPU
		{045CC1C8-145E-45C3-A2E8-70DB886AC7B9}.Release|Any CPU.Build.0 = Release|Any CPU
		{AB681F88-F505-49AD-B988-BCD0A6F50615}.Debug|Any CPU.ActiveCfg = Debug|Any CPU
		{AB681F88-F505-49AD-B988-BCD0A6F50615}.Debug|Any CPU.Build.0 = Debug|Any CPU
		{AB681F88-F505-49AD-B988-BCD0A6F50615}.Release|Any CPU.ActiveCfg = Release|Any CPU
		{AB681F88-F505-49AD-B988-BCD0A6F50615}.Release|Any CPU.Build.0 = Release|Any CPU
		{BA257B4D-7EE2-4BF5-98DA-9AEBE12F0310}.Debug|Any CPU.ActiveCfg = Debug|Any CPU
		{BA257B4D-7EE2-4BF5-98DA-9AEBE12F0310}.Debug|Any CPU.Build.0 = Debug|Any CPU
		{BA257B4D-7EE2-4BF5-98DA-9AEBE12F0310}.Release|Any CPU.ActiveCfg = Release|Any CPU
		{BA257B4D-7EE2-4BF5-98DA-9AEBE12F0310}.Release|Any CPU.Build.0 = Release|Any CPU
		{AA034460-D026-4417-B48A-613CF68152F8}.Debug|Any CPU.ActiveCfg = Debug|Any CPU
		{AA034460-D026-4417-B48A-613CF68152F8}.Debug|Any CPU.Build.0 = Debug|Any CPU
		{AA034460-D026-4417-B48A-613CF68152F8}.Release|Any CPU.ActiveCfg = Release|Any CPU
		{AA034460-D026-4417-B48A-613CF68152F8}.Release|Any CPU.Build.0 = Release|Any CPU
		{F3BFE3D2-E619-4BC8-B164-ACBF72BC627B}.Debug|Any CPU.ActiveCfg = Debug|Any CPU
		{F3BFE3D2-E619-4BC8-B164-ACBF72BC627B}.Debug|Any CPU.Build.0 = Debug|Any CPU
		{F3BFE3D2-E619-4BC8-B164-ACBF72BC627B}.Release|Any CPU.ActiveCfg = Release|Any CPU
		{F3BFE3D2-E619-4BC8-B164-ACBF72BC627B}.Release|Any CPU.Build.0 = Release|Any CPU
		{37DF211A-5352-4928-A168-6444EBFB3712}.Debug|Any CPU.ActiveCfg = Debug|Any CPU
		{37DF211A-5352-4928-A168-6444EBFB3712}.Debug|Any CPU.Build.0 = Debug|Any CPU
		{37DF211A-5352-4928-A168-6444EBFB3712}.Release|Any CPU.ActiveCfg = Release|Any CPU
		{37DF211A-5352-4928-A168-6444EBFB3712}.Release|Any CPU.Build.0 = Release|Any CPU
	EndGlobalSection
	GlobalSection(SolutionProperties) = preSolution
		HideSolutionNode = FALSE
	EndGlobalSection
	GlobalSection(NestedProjects) = preSolution
		{DA96FAEE-F16A-4C7D-993A-0273D82AE778} = {9049DAE2-DF45-41A1-9114-98F5AE2D8D04}
		{A41788BA-A633-452E-B173-F2F8393FC2D3} = {7394F16F-EFEA-40CA-A016-A25DBE9A4502}
		{4426417E-7CE4-4A70-9066-60D9022800C2} = {A41788BA-A633-452E-B173-F2F8393FC2D3}
		{A20AD3CC-90A6-487C-88FD-04F22ACB728A} = {A41788BA-A633-452E-B173-F2F8393FC2D3}
		{C601018A-2CF9-4D59-9BF6-10C64E81CC67} = {A41788BA-A633-452E-B173-F2F8393FC2D3}
		{5B114121-70BA-495E-B484-1D580402C72C} = {5FD9E795-323A-4596-9482-FA96DD6D16B9}
		{70BF865D-735E-4D08-9593-5D42A2ADC1F1} = {A41788BA-A633-452E-B173-F2F8393FC2D3}
		{AC0B5C44-DC83-4188-B5EE-18A9B6BCF7F8} = {1D153E14-4B13-413B-ACA0-200CEE0D39E2}
		{801D27FF-C270-4D00-A0C6-030CD99B3593} = {1D153E14-4B13-413B-ACA0-200CEE0D39E2}
		{CDEAE9BB-F44A-46F2-8B17-8FA2E1A66078} = {1D153E14-4B13-413B-ACA0-200CEE0D39E2}
		{08F87627-5903-41E1-8910-47E2CC16107A} = {A41788BA-A633-452E-B173-F2F8393FC2D3}
		{84BAAD6A-FD44-49FC-9029-AA8C8C782937} = {7394F16F-EFEA-40CA-A016-A25DBE9A4502}
		{C580EC1E-51A8-4456-B5A5-5BA6C55D4E9F} = {9049DAE2-DF45-41A1-9114-98F5AE2D8D04}
		{7ED45872-F53F-4A8A-A905-3069A7445851} = {9049DAE2-DF45-41A1-9114-98F5AE2D8D04}
		{B24D12B4-8046-42D7-917F-BEA0A34BDAE6} = {C5337EEE-10D7-4E7F-8A21-0096E2569214}
		{FF6A95D3-2090-4950-BA6D-4820730EAFEF} = {1D153E14-4B13-413B-ACA0-200CEE0D39E2}
		{D8DF2E79-D7AD-4DC3-9E1E-AB99B7E302EA} = {1D153E14-4B13-413B-ACA0-200CEE0D39E2}
		{6E18BD1A-79F3-4426-BCC0-C2B3D0252D16} = {C5337EEE-10D7-4E7F-8A21-0096E2569214}
		{D3581D6D-E32F-4BEC-A272-8B94B6D18647} = {C5337EEE-10D7-4E7F-8A21-0096E2569214}
		{5B29239F-1E24-4F40-A7E5-3D2BEC39C469} = {1D153E14-4B13-413B-ACA0-200CEE0D39E2}
		{37EE6344-C23C-418F-93BB-F9A802B76A25} = {1D153E14-4B13-413B-ACA0-200CEE0D39E2}
		{BAB25784-97C2-45C1-922A-6DD0D011AEC8} = {43AA78F0-5CEE-4C98-B792-B28B77783EF7}
		{D988B950-2643-4D98-A010-64983374A641} = {43AA78F0-5CEE-4C98-B792-B28B77783EF7}
		{FE5EF3FD-498E-428F-950D-67AD87448CA1} = {43AA78F0-5CEE-4C98-B792-B28B77783EF7}
		{1D56C288-7C54-4B77-8027-B8E3070223C2} = {43AA78F0-5CEE-4C98-B792-B28B77783EF7}
		{C6AF7935-5425-4E3C-900E-09595D9B0BA5} = {43AA78F0-5CEE-4C98-B792-B28B77783EF7}
		{59F8E32E-C8B2-4D51-B87C-AF7E7883F9A8} = {43AA78F0-5CEE-4C98-B792-B28B77783EF7}
		{FF3C29C3-60F2-4A1F-99A5-4D333000ECBF} = {5B114121-70BA-495E-B484-1D580402C72C}
		{568259FA-4018-4CF8-AF7F-12D36B6F4AE5} = {5B114121-70BA-495E-B484-1D580402C72C}
		{1C7B1A68-20BE-4616-A851-92FB16FB001A} = {5B114121-70BA-495E-B484-1D580402C72C}
		{4CBDE267-4509-4713-ADB8-99A09F8436FF} = {5B114121-70BA-495E-B484-1D580402C72C}
		{1BAFE695-1170-4B25-9AB8-E329E213B734} = {5B114121-70BA-495E-B484-1D580402C72C}
		{2F0E1FB2-2BE5-40F2-8DDB-F26261294E92} = {B24D12B4-8046-42D7-917F-BEA0A34BDAE6}
		{4D3367AE-B327-4836-A172-B6AAD2E4413F} = {B24D12B4-8046-42D7-917F-BEA0A34BDAE6}
		{5A08411D-C049-4F35-B8E6-D469D6610BA6} = {B24D12B4-8046-42D7-917F-BEA0A34BDAE6}
		{389D6E36-A376-4C77-BCF7-38DA28780D2E} = {B24D12B4-8046-42D7-917F-BEA0A34BDAE6}
		{51DFB55D-2ADD-4E65-84C3-23EEB1BD7C45} = {B24D12B4-8046-42D7-917F-BEA0A34BDAE6}
		{6CDBEB4D-ADDD-434D-A3FA-E7AF316AFD2A} = {6E18BD1A-79F3-4426-BCC0-C2B3D0252D16}
		{5BBA05CF-7AB7-476D-A3B8-F9A5E3D12A7F} = {6E18BD1A-79F3-4426-BCC0-C2B3D0252D16}
		{B284BB47-286E-41FC-8D6F-E88367EBB693} = {6E18BD1A-79F3-4426-BCC0-C2B3D0252D16}
		{4735598E-3150-41A0-83DA-C03541C9B72F} = {6E18BD1A-79F3-4426-BCC0-C2B3D0252D16}
		{AB6DA801-AA0E-40D3-982E-2AD312176B97} = {6E18BD1A-79F3-4426-BCC0-C2B3D0252D16}
		{1F50E81B-66B7-4B7E-8B18-C91A65F817FE} = {D3581D6D-E32F-4BEC-A272-8B94B6D18647}
		{8A7F607E-B841-472B-A0F1-B8421B3D85F7} = {D3581D6D-E32F-4BEC-A272-8B94B6D18647}
		{A4FD3135-DB5B-4F94-A3FA-A98ECF6D4F3C} = {D3581D6D-E32F-4BEC-A272-8B94B6D18647}
		{7C03A7BD-F004-4E0E-8B0E-EB763F000CD4} = {D3581D6D-E32F-4BEC-A272-8B94B6D18647}
		{9675D88E-794A-48CE-93C8-8C625457B65B} = {D3581D6D-E32F-4BEC-A272-8B94B6D18647}
		{6E26FB0A-F188-41B1-81C2-AB7C9C6074C6} = {84BAAD6A-FD44-49FC-9029-AA8C8C782937}
		{C25E5035-992E-4329-8058-406A4BE40FA6} = {84BAAD6A-FD44-49FC-9029-AA8C8C782937}
		{8C8B0148-5E00-4C15-9FC1-6EC6F814310B} = {84BAAD6A-FD44-49FC-9029-AA8C8C782937}
		{194FCFC1-38C0-42F2-BFFC-AE6BBE211F92} = {84BAAD6A-FD44-49FC-9029-AA8C8C782937}
		{5AC98AAC-4495-4C6B-B9EA-3B8D891EB6C4} = {7ED45872-F53F-4A8A-A905-3069A7445851}
		{7196C9C8-BEA7-47C1-998C-070B72C0F555} = {7ED45872-F53F-4A8A-A905-3069A7445851}
		{EC8CA9ED-530A-4A57-8EA1-CA71CD0B65EA} = {7ED45872-F53F-4A8A-A905-3069A7445851}
		{43A38C51-0C1C-4DC2-9350-AD736EAF16B0} = {C580EC1E-51A8-4456-B5A5-5BA6C55D4E9F}
		{045CC1C8-145E-45C3-A2E8-70DB886AC7B9} = {9049DAE2-DF45-41A1-9114-98F5AE2D8D04}
		{AB681F88-F505-49AD-B988-BCD0A6F50615} = {9049DAE2-DF45-41A1-9114-98F5AE2D8D04}
		{BA257B4D-7EE2-4BF5-98DA-9AEBE12F0310} = {9049DAE2-DF45-41A1-9114-98F5AE2D8D04}
		{AA034460-D026-4417-B48A-613CF68152F8} = {BF9493F7-E28B-4A25-BDF9-D5F5ADC39527}
		{56FAC1B3-A69C-4555-A375-980040CA1E99} = {82D0D6EE-CFB9-4685-8C77-4A6012297C0F}
		{F3BFE3D2-E619-4BC8-B164-ACBF72BC627B} = {56FAC1B3-A69C-4555-A375-980040CA1E99}
		{5DCBA617-AA26-46A3-B94A-31FD1356BF64} = {9049DAE2-DF45-41A1-9114-98F5AE2D8D04}
		{37DF211A-5352-4928-A168-6444EBFB3712} = {5DCBA617-AA26-46A3-B94A-31FD1356BF64}
	EndGlobalSection
	GlobalSection(ExtensibilityGlobals) = postSolution
		SolutionGuid = {2083D19C-3851-4364-95A9-449C10AD54E0}
	EndGlobalSection
EndGlobal
