
Microsoft Visual Studio Solution File, Format Version 12.00
# Visual Studio Version 17
VisualStudioVersion = 17.10.35013.160
MinimumVisualStudioVersion = 10.0.40219.1
Project("{2150E333-8FDC-42A3-9474-1A3956D46DE8}") = "Shared", "Shared", "{A271747C-FD41-490A-8F8E-C36A19751AE0}"
EndProject
Project("{9A19103F-16F7-4668-BE54-9A1E7A4F7556}") = "GameLib.Domain", "GameLib\GameLib.Domain\GameLib.Domain.csproj", "{822314CA-D49F-4869-9508-DD47A80AE350}"
EndProject
Project("{9A19103F-16F7-4668-BE54-9A1E7A4F7556}") = "GameLib.Application", "GameLib\GameLib.Application\GameLib.Application.csproj", "{1452B2BE-2768-4D5B-910A-350EC3E426BB}"
EndProject
Project("{9A19103F-16F7-4668-BE54-9A1E7A4F7556}") = "GameLib.Infrastructure", "GameLib\GameLib.Infrastructure\GameLib.Infrastructure.csproj", "{5C6A7F63-8901-4FB1-A197-4376C1A7DD6E}"
EndProject
Project("{9A19103F-16F7-4668-BE54-9A1E7A4F7556}") = "GameLib.ServiceRegistry", "GameLib\GameLib.ServiceRegistry\GameLib.ServiceRegistry.csproj", "{8654B545-238F-4871-95E3-0F4C0CE3A27E}"
EndProject
Project("{2150E333-8FDC-42A3-9474-1A3956D46DE8}") = "Solution Items", "Solution Items", "{DA96FAEE-F16A-4C7D-993A-0273D82AE778}"
	ProjectSection(SolutionItems) = preProject
		.gitignore = .gitignore
	EndProjectSection
EndProject
Project("{2150E333-8FDC-42A3-9474-1A3956D46DE8}") = "Wheel", "Wheel", "{A41788BA-A633-452E-B173-F2F8393FC2D3}"
EndProject
Project("{9A19103F-16F7-4668-BE54-9A1E7A4F7556}") = "Wheel.Api", "Games\Wheel\Wheel.Api\Wheel.Api.csproj", "{4426417E-7CE4-4A70-9066-60D9022800C2}"
EndProject
Project("{9A19103F-16F7-4668-BE54-9A1E7A4F7556}") = "Wheel.Domain", "Games\Wheel\Wheel.Domain\Wheel.Domain.csproj", "{A20AD3CC-90A6-487C-88FD-04F22ACB728A}"
EndProject
Project("{9A19103F-16F7-4668-BE54-9A1E7A4F7556}") = "Wheel.Infrastructure", "Games\Wheel\Wheel.Infrastructure\Wheel.Infrastructure.csproj", "{C601018A-2CF9-4D59-9BF6-10C64E81CC67}"
EndProject
Project("{2150E333-8FDC-42A3-9474-1A3956D46DE8}") = "Hub", "Hub", "{5B114121-70BA-495E-B484-1D580402C72C}"
EndProject
Project("{9A19103F-16F7-4668-BE54-9A1E7A4F7556}") = "Hub.Api", "Hub\Hub.Api\Hub.Api.csproj", "{AE73ACD9-B179-4BCD-9FCC-B8CCAE21BF45}"
EndProject
Project("{9A19103F-16F7-4668-BE54-9A1E7A4F7556}") = "Shared.Lib", "Shared\Shared.Lib\Shared.Lib.csproj", "{11FA0E70-38DC-49A3-A762-88321BB81A87}"
EndProject
Project("{9A19103F-16F7-4668-BE54-9A1E7A4F7556}") = "ApiGateway", "ApiGateway\ApiGateway.csproj", "{1C296755-9E07-4311-BD31-B0F59D2433C4}"
EndProject
Project("{9A19103F-16F7-4668-BE54-9A1E7A4F7556}") = "Test", "Test\Test.csproj", "{C1D514E6-8B2F-4866-946E-79C44AD3571C}"
EndProject
Project("{9A19103F-16F7-4668-BE54-9A1E7A4F7556}") = "Wheel.Application", "Games\Wheel\Wheel.Application\Wheel.Application.csproj", "{70BF865D-735E-4D08-9593-5D42A2ADC1F1}"
EndProject
Project("{9A19103F-16F7-4668-BE54-9A1E7A4F7556}") = "Hub.Domain", "Hub\Hub.Domain\Hub.Domain.csproj", "{A550794B-FABD-4D59-9C1A-BF5D987F6B3C}"
EndProject
Project("{9A19103F-16F7-4668-BE54-9A1E7A4F7556}") = "Hub.Infrastructure", "Hub\Hub.Infrastructure\Hub.Infrastructure.csproj", "{76CE82FD-5338-42E4-9451-EF25361EAEAD}"
EndProject
Project("{9A19103F-16F7-4668-BE54-9A1E7A4F7556}") = "Hub.Application", "Hub\Hub.Application\Hub.Application.csproj", "{01C68A2E-8F75-473B-B20A-9768B93F2DE8}"
EndProject
Project("{9A19103F-16F7-4668-BE54-9A1E7A4F7556}") = "Test.Api", "Test.Api\Test.Api.csproj", "{38AB5D0D-C5E9-4805-A1C7-1865212F65A9}"
EndProject
Project("{2150E333-8FDC-42A3-9474-1A3956D46DE8}") = "Admin", "Admin", "{1D153E14-4B13-413B-ACA0-200CEE0D39E2}"
EndProject
Project("{9A19103F-16F7-4668-BE54-9A1E7A4F7556}") = "OnAim.Admin.API", "Admin\OnAim.Admin.API\OnAim.Admin.API.csproj", "{AC0B5C44-DC83-4188-B5EE-18A9B6BCF7F8}"
EndProject
Project("{9A19103F-16F7-4668-BE54-9A1E7A4F7556}") = "OnAim.Admin.APP", "Admin\OnAim.Admin.APP\OnAim.Admin.APP.csproj", "{801D27FF-C270-4D00-A0C6-030CD99B3593}"
EndProject
Project("{9A19103F-16F7-4668-BE54-9A1E7A4F7556}") = "OnAim.Admin.Infrasturcture", "Admin\OnAim.Admin.Infrasturcture\OnAim.Admin.Infrasturcture.csproj", "{CDEAE9BB-F44A-46F2-8B17-8FA2E1A66078}"
EndProject
Project("{9A19103F-16F7-4668-BE54-9A1E7A4F7556}") = "OnAim.Admin.Shared", "Admin\OnAim.Admin.Shared\OnAim.Admin.Shared.csproj", "{3BAD8C0C-A22F-4448-B619-C99121670E1D}"
EndProject
Project("{9A19103F-16F7-4668-BE54-9A1E7A4F7556}") = "Hub.IntegrationEvents", "Hub\Hub.IntegrationEvents\Hub.IntegrationEvents.csproj", "{AC12048E-21C0-407F-ADAE-70932BBA896E}"
EndProject
Project("{9A19103F-16F7-4668-BE54-9A1E7A4F7556}") = "Wheel.IntegrationEvents", "Games\Wheel\Wheel.IntegrationEvents\Wheel.IntegrationEvents.csproj", "{08F87627-5903-41E1-8910-47E2CC16107A}"
EndProject
Project("{9A19103F-16F7-4668-BE54-9A1E7A4F7556}") = "Shared.IntegrationEvents", "Shared\Shared.IntegrationEvents\Shared.IntegrationEvents.csproj", "{B04E9BB8-352A-4C3B-BCE8-DFDBAD90803B}"
EndProject
Project("{2150E333-8FDC-42A3-9474-1A3956D46DE8}") = "GameLib", "GameLib", "{84BAAD6A-FD44-49FC-9029-AA8C8C782937}"
EndProject
Project("{9A19103F-16F7-4668-BE54-9A1E7A4F7556}") = "Shared.Domain", "Shared\Shared.Domain\Shared.Domain.csproj", "{8A409D7F-AB84-4D4C-8B2E-1BA3E3A06067}"
EndProject
Project("{9A19103F-16F7-4668-BE54-9A1E7A4F7556}") = "Shared.Application", "Shared\Shared.Application\Shared.Application.csproj", "{0DA1AB4C-9783-4E13-88FB-25E101E8DA74}"
EndProject
Project("{9A19103F-16F7-4668-BE54-9A1E7A4F7556}") = "RNG", "Shared\RNG\RNG.csproj", "{FC8B30B2-651A-4668-AE88-F0B3A55A7FC2}"
EndProject
Project("{2150E333-8FDC-42A3-9474-1A3956D46DE8}") = "Games", "Games", "{7394F16F-EFEA-40CA-A016-A25DBE9A4502}"
EndProject
Project("{9A19103F-16F7-4668-BE54-9A1E7A4F7556}") = "OnAim.Admin.Identity", "Admin\OnAim.Admin.Identity\OnAim.Admin.Identity.csproj", "{304F477E-C02E-4A67-B4CF-B1B859CDBB06}"
EndProject
Global
	GlobalSection(SolutionConfigurationPlatforms) = preSolution
		Debug|Any CPU = Debug|Any CPU
		Release|Any CPU = Release|Any CPU
	EndGlobalSection
	GlobalSection(ProjectConfigurationPlatforms) = postSolution
		{822314CA-D49F-4869-9508-DD47A80AE350}.Debug|Any CPU.ActiveCfg = Debug|Any CPU
		{822314CA-D49F-4869-9508-DD47A80AE350}.Debug|Any CPU.Build.0 = Debug|Any CPU
		{822314CA-D49F-4869-9508-DD47A80AE350}.Release|Any CPU.ActiveCfg = Release|Any CPU
		{822314CA-D49F-4869-9508-DD47A80AE350}.Release|Any CPU.Build.0 = Release|Any CPU
		{1452B2BE-2768-4D5B-910A-350EC3E426BB}.Debug|Any CPU.ActiveCfg = Debug|Any CPU
		{1452B2BE-2768-4D5B-910A-350EC3E426BB}.Debug|Any CPU.Build.0 = Debug|Any CPU
		{1452B2BE-2768-4D5B-910A-350EC3E426BB}.Release|Any CPU.ActiveCfg = Release|Any CPU
		{1452B2BE-2768-4D5B-910A-350EC3E426BB}.Release|Any CPU.Build.0 = Release|Any CPU
		{5C6A7F63-8901-4FB1-A197-4376C1A7DD6E}.Debug|Any CPU.ActiveCfg = Debug|Any CPU
		{5C6A7F63-8901-4FB1-A197-4376C1A7DD6E}.Debug|Any CPU.Build.0 = Debug|Any CPU
		{5C6A7F63-8901-4FB1-A197-4376C1A7DD6E}.Release|Any CPU.ActiveCfg = Release|Any CPU
		{5C6A7F63-8901-4FB1-A197-4376C1A7DD6E}.Release|Any CPU.Build.0 = Release|Any CPU
		{8654B545-238F-4871-95E3-0F4C0CE3A27E}.Debug|Any CPU.ActiveCfg = Debug|Any CPU
		{8654B545-238F-4871-95E3-0F4C0CE3A27E}.Debug|Any CPU.Build.0 = Debug|Any CPU
		{8654B545-238F-4871-95E3-0F4C0CE3A27E}.Release|Any CPU.ActiveCfg = Release|Any CPU
		{8654B545-238F-4871-95E3-0F4C0CE3A27E}.Release|Any CPU.Build.0 = Release|Any CPU
		{4426417E-7CE4-4A70-9066-60D9022800C2}.Debug|Any CPU.ActiveCfg = Debug|Any CPU
		{4426417E-7CE4-4A70-9066-60D9022800C2}.Debug|Any CPU.Build.0 = Debug|Any CPU
		{4426417E-7CE4-4A70-9066-60D9022800C2}.Release|Any CPU.ActiveCfg = Release|Any CPU
		{4426417E-7CE4-4A70-9066-60D9022800C2}.Release|Any CPU.Build.0 = Release|Any CPU
		{A20AD3CC-90A6-487C-88FD-04F22ACB728A}.Debug|Any CPU.ActiveCfg = Debug|Any CPU
		{A20AD3CC-90A6-487C-88FD-04F22ACB728A}.Debug|Any CPU.Build.0 = Debug|Any CPU
		{A20AD3CC-90A6-487C-88FD-04F22ACB728A}.Release|Any CPU.ActiveCfg = Release|Any CPU
		{A20AD3CC-90A6-487C-88FD-04F22ACB728A}.Release|Any CPU.Build.0 = Release|Any CPU
		{C601018A-2CF9-4D59-9BF6-10C64E81CC67}.Debug|Any CPU.ActiveCfg = Debug|Any CPU
		{C601018A-2CF9-4D59-9BF6-10C64E81CC67}.Debug|Any CPU.Build.0 = Debug|Any CPU
		{C601018A-2CF9-4D59-9BF6-10C64E81CC67}.Release|Any CPU.ActiveCfg = Release|Any CPU
		{C601018A-2CF9-4D59-9BF6-10C64E81CC67}.Release|Any CPU.Build.0 = Release|Any CPU
		{AE73ACD9-B179-4BCD-9FCC-B8CCAE21BF45}.Debug|Any CPU.ActiveCfg = Debug|Any CPU
		{AE73ACD9-B179-4BCD-9FCC-B8CCAE21BF45}.Debug|Any CPU.Build.0 = Debug|Any CPU
		{AE73ACD9-B179-4BCD-9FCC-B8CCAE21BF45}.Release|Any CPU.ActiveCfg = Release|Any CPU
		{AE73ACD9-B179-4BCD-9FCC-B8CCAE21BF45}.Release|Any CPU.Build.0 = Release|Any CPU
		{11FA0E70-38DC-49A3-A762-88321BB81A87}.Debug|Any CPU.ActiveCfg = Debug|Any CPU
		{11FA0E70-38DC-49A3-A762-88321BB81A87}.Debug|Any CPU.Build.0 = Debug|Any CPU
		{11FA0E70-38DC-49A3-A762-88321BB81A87}.Release|Any CPU.ActiveCfg = Release|Any CPU
		{11FA0E70-38DC-49A3-A762-88321BB81A87}.Release|Any CPU.Build.0 = Release|Any CPU
		{1C296755-9E07-4311-BD31-B0F59D2433C4}.Debug|Any CPU.ActiveCfg = Debug|Any CPU
		{1C296755-9E07-4311-BD31-B0F59D2433C4}.Debug|Any CPU.Build.0 = Debug|Any CPU
		{1C296755-9E07-4311-BD31-B0F59D2433C4}.Release|Any CPU.ActiveCfg = Release|Any CPU
		{1C296755-9E07-4311-BD31-B0F59D2433C4}.Release|Any CPU.Build.0 = Release|Any CPU
		{C1D514E6-8B2F-4866-946E-79C44AD3571C}.Debug|Any CPU.ActiveCfg = Debug|Any CPU
		{C1D514E6-8B2F-4866-946E-79C44AD3571C}.Debug|Any CPU.Build.0 = Debug|Any CPU
		{C1D514E6-8B2F-4866-946E-79C44AD3571C}.Release|Any CPU.ActiveCfg = Release|Any CPU
		{C1D514E6-8B2F-4866-946E-79C44AD3571C}.Release|Any CPU.Build.0 = Release|Any CPU
		{70BF865D-735E-4D08-9593-5D42A2ADC1F1}.Debug|Any CPU.ActiveCfg = Debug|Any CPU
		{70BF865D-735E-4D08-9593-5D42A2ADC1F1}.Debug|Any CPU.Build.0 = Debug|Any CPU
		{70BF865D-735E-4D08-9593-5D42A2ADC1F1}.Release|Any CPU.ActiveCfg = Release|Any CPU
		{70BF865D-735E-4D08-9593-5D42A2ADC1F1}.Release|Any CPU.Build.0 = Release|Any CPU
		{A550794B-FABD-4D59-9C1A-BF5D987F6B3C}.Debug|Any CPU.ActiveCfg = Debug|Any CPU
		{A550794B-FABD-4D59-9C1A-BF5D987F6B3C}.Debug|Any CPU.Build.0 = Debug|Any CPU
		{A550794B-FABD-4D59-9C1A-BF5D987F6B3C}.Release|Any CPU.ActiveCfg = Release|Any CPU
		{A550794B-FABD-4D59-9C1A-BF5D987F6B3C}.Release|Any CPU.Build.0 = Release|Any CPU
		{76CE82FD-5338-42E4-9451-EF25361EAEAD}.Debug|Any CPU.ActiveCfg = Debug|Any CPU
		{76CE82FD-5338-42E4-9451-EF25361EAEAD}.Debug|Any CPU.Build.0 = Debug|Any CPU
		{76CE82FD-5338-42E4-9451-EF25361EAEAD}.Release|Any CPU.ActiveCfg = Release|Any CPU
		{76CE82FD-5338-42E4-9451-EF25361EAEAD}.Release|Any CPU.Build.0 = Release|Any CPU
		{01C68A2E-8F75-473B-B20A-9768B93F2DE8}.Debug|Any CPU.ActiveCfg = Debug|Any CPU
		{01C68A2E-8F75-473B-B20A-9768B93F2DE8}.Debug|Any CPU.Build.0 = Debug|Any CPU
		{01C68A2E-8F75-473B-B20A-9768B93F2DE8}.Release|Any CPU.ActiveCfg = Release|Any CPU
		{01C68A2E-8F75-473B-B20A-9768B93F2DE8}.Release|Any CPU.Build.0 = Release|Any CPU
		{38AB5D0D-C5E9-4805-A1C7-1865212F65A9}.Debug|Any CPU.ActiveCfg = Debug|Any CPU
		{38AB5D0D-C5E9-4805-A1C7-1865212F65A9}.Debug|Any CPU.Build.0 = Debug|Any CPU
		{38AB5D0D-C5E9-4805-A1C7-1865212F65A9}.Release|Any CPU.ActiveCfg = Release|Any CPU
		{38AB5D0D-C5E9-4805-A1C7-1865212F65A9}.Release|Any CPU.Build.0 = Release|Any CPU
		{AC0B5C44-DC83-4188-B5EE-18A9B6BCF7F8}.Debug|Any CPU.ActiveCfg = Debug|Any CPU
		{AC0B5C44-DC83-4188-B5EE-18A9B6BCF7F8}.Release|Any CPU.ActiveCfg = Release|Any CPU
		{AC0B5C44-DC83-4188-B5EE-18A9B6BCF7F8}.Release|Any CPU.Build.0 = Release|Any CPU
		{801D27FF-C270-4D00-A0C6-030CD99B3593}.Debug|Any CPU.ActiveCfg = Debug|Any CPU
		{801D27FF-C270-4D00-A0C6-030CD99B3593}.Release|Any CPU.ActiveCfg = Release|Any CPU
		{801D27FF-C270-4D00-A0C6-030CD99B3593}.Release|Any CPU.Build.0 = Release|Any CPU
		{CDEAE9BB-F44A-46F2-8B17-8FA2E1A66078}.Debug|Any CPU.ActiveCfg = Debug|Any CPU
		{CDEAE9BB-F44A-46F2-8B17-8FA2E1A66078}.Release|Any CPU.ActiveCfg = Release|Any CPU
		{CDEAE9BB-F44A-46F2-8B17-8FA2E1A66078}.Release|Any CPU.Build.0 = Release|Any CPU
		{3BAD8C0C-A22F-4448-B619-C99121670E1D}.Debug|Any CPU.ActiveCfg = Debug|Any CPU
		{3BAD8C0C-A22F-4448-B619-C99121670E1D}.Release|Any CPU.ActiveCfg = Release|Any CPU
		{3BAD8C0C-A22F-4448-B619-C99121670E1D}.Release|Any CPU.Build.0 = Release|Any CPU
		{AC12048E-21C0-407F-ADAE-70932BBA896E}.Debug|Any CPU.ActiveCfg = Debug|Any CPU
		{AC12048E-21C0-407F-ADAE-70932BBA896E}.Debug|Any CPU.Build.0 = Debug|Any CPU
		{AC12048E-21C0-407F-ADAE-70932BBA896E}.Release|Any CPU.ActiveCfg = Release|Any CPU
		{AC12048E-21C0-407F-ADAE-70932BBA896E}.Release|Any CPU.Build.0 = Release|Any CPU
		{08F87627-5903-41E1-8910-47E2CC16107A}.Debug|Any CPU.ActiveCfg = Debug|Any CPU
		{08F87627-5903-41E1-8910-47E2CC16107A}.Debug|Any CPU.Build.0 = Debug|Any CPU
		{08F87627-5903-41E1-8910-47E2CC16107A}.Release|Any CPU.ActiveCfg = Release|Any CPU
		{08F87627-5903-41E1-8910-47E2CC16107A}.Release|Any CPU.Build.0 = Release|Any CPU
		{B04E9BB8-352A-4C3B-BCE8-DFDBAD90803B}.Debug|Any CPU.ActiveCfg = Debug|Any CPU
		{B04E9BB8-352A-4C3B-BCE8-DFDBAD90803B}.Debug|Any CPU.Build.0 = Debug|Any CPU
		{B04E9BB8-352A-4C3B-BCE8-DFDBAD90803B}.Release|Any CPU.ActiveCfg = Release|Any CPU
		{B04E9BB8-352A-4C3B-BCE8-DFDBAD90803B}.Release|Any CPU.Build.0 = Release|Any CPU
		{8A409D7F-AB84-4D4C-8B2E-1BA3E3A06067}.Debug|Any CPU.ActiveCfg = Debug|Any CPU
		{8A409D7F-AB84-4D4C-8B2E-1BA3E3A06067}.Debug|Any CPU.Build.0 = Debug|Any CPU
		{8A409D7F-AB84-4D4C-8B2E-1BA3E3A06067}.Release|Any CPU.ActiveCfg = Release|Any CPU
		{8A409D7F-AB84-4D4C-8B2E-1BA3E3A06067}.Release|Any CPU.Build.0 = Release|Any CPU
		{0DA1AB4C-9783-4E13-88FB-25E101E8DA74}.Debug|Any CPU.ActiveCfg = Debug|Any CPU
		{0DA1AB4C-9783-4E13-88FB-25E101E8DA74}.Debug|Any CPU.Build.0 = Debug|Any CPU
		{0DA1AB4C-9783-4E13-88FB-25E101E8DA74}.Release|Any CPU.ActiveCfg = Release|Any CPU
		{0DA1AB4C-9783-4E13-88FB-25E101E8DA74}.Release|Any CPU.Build.0 = Release|Any CPU
		{FC8B30B2-651A-4668-AE88-F0B3A55A7FC2}.Debug|Any CPU.ActiveCfg = Debug|Any CPU
		{FC8B30B2-651A-4668-AE88-F0B3A55A7FC2}.Debug|Any CPU.Build.0 = Debug|Any CPU
		{FC8B30B2-651A-4668-AE88-F0B3A55A7FC2}.Release|Any CPU.ActiveCfg = Release|Any CPU
		{FC8B30B2-651A-4668-AE88-F0B3A55A7FC2}.Release|Any CPU.Build.0 = Release|Any CPU
		{304F477E-C02E-4A67-B4CF-B1B859CDBB06}.Debug|Any CPU.ActiveCfg = Debug|Any CPU
		{304F477E-C02E-4A67-B4CF-B1B859CDBB06}.Debug|Any CPU.Build.0 = Debug|Any CPU
		{304F477E-C02E-4A67-B4CF-B1B859CDBB06}.Release|Any CPU.ActiveCfg = Release|Any CPU
		{304F477E-C02E-4A67-B4CF-B1B859CDBB06}.Release|Any CPU.Build.0 = Release|Any CPU
	EndGlobalSection
	GlobalSection(SolutionProperties) = preSolution
		HideSolutionNode = FALSE
	EndGlobalSection
	GlobalSection(NestedProjects) = preSolution
		{822314CA-D49F-4869-9508-DD47A80AE350} = {84BAAD6A-FD44-49FC-9029-AA8C8C782937}
		{1452B2BE-2768-4D5B-910A-350EC3E426BB} = {84BAAD6A-FD44-49FC-9029-AA8C8C782937}
		{5C6A7F63-8901-4FB1-A197-4376C1A7DD6E} = {84BAAD6A-FD44-49FC-9029-AA8C8C782937}
		{8654B545-238F-4871-95E3-0F4C0CE3A27E} = {84BAAD6A-FD44-49FC-9029-AA8C8C782937}
		{A41788BA-A633-452E-B173-F2F8393FC2D3} = {7394F16F-EFEA-40CA-A016-A25DBE9A4502}
		{4426417E-7CE4-4A70-9066-60D9022800C2} = {A41788BA-A633-452E-B173-F2F8393FC2D3}
		{A20AD3CC-90A6-487C-88FD-04F22ACB728A} = {A41788BA-A633-452E-B173-F2F8393FC2D3}
		{C601018A-2CF9-4D59-9BF6-10C64E81CC67} = {A41788BA-A633-452E-B173-F2F8393FC2D3}
		{AE73ACD9-B179-4BCD-9FCC-B8CCAE21BF45} = {5B114121-70BA-495E-B484-1D580402C72C}
		{11FA0E70-38DC-49A3-A762-88321BB81A87} = {A271747C-FD41-490A-8F8E-C36A19751AE0}
		{70BF865D-735E-4D08-9593-5D42A2ADC1F1} = {A41788BA-A633-452E-B173-F2F8393FC2D3}
		{A550794B-FABD-4D59-9C1A-BF5D987F6B3C} = {5B114121-70BA-495E-B484-1D580402C72C}
		{76CE82FD-5338-42E4-9451-EF25361EAEAD} = {5B114121-70BA-495E-B484-1D580402C72C}
		{01C68A2E-8F75-473B-B20A-9768B93F2DE8} = {5B114121-70BA-495E-B484-1D580402C72C}
		{AC0B5C44-DC83-4188-B5EE-18A9B6BCF7F8} = {1D153E14-4B13-413B-ACA0-200CEE0D39E2}
		{801D27FF-C270-4D00-A0C6-030CD99B3593} = {1D153E14-4B13-413B-ACA0-200CEE0D39E2}
		{CDEAE9BB-F44A-46F2-8B17-8FA2E1A66078} = {1D153E14-4B13-413B-ACA0-200CEE0D39E2}
		{3BAD8C0C-A22F-4448-B619-C99121670E1D} = {1D153E14-4B13-413B-ACA0-200CEE0D39E2}
		{AC12048E-21C0-407F-ADAE-70932BBA896E} = {5B114121-70BA-495E-B484-1D580402C72C}
		{08F87627-5903-41E1-8910-47E2CC16107A} = {A41788BA-A633-452E-B173-F2F8393FC2D3}
		{B04E9BB8-352A-4C3B-BCE8-DFDBAD90803B} = {A271747C-FD41-490A-8F8E-C36A19751AE0}
		{8A409D7F-AB84-4D4C-8B2E-1BA3E3A06067} = {A271747C-FD41-490A-8F8E-C36A19751AE0}
		{0DA1AB4C-9783-4E13-88FB-25E101E8DA74} = {A271747C-FD41-490A-8F8E-C36A19751AE0}
		{FC8B30B2-651A-4668-AE88-F0B3A55A7FC2} = {A271747C-FD41-490A-8F8E-C36A19751AE0}
		{304F477E-C02E-4A67-B4CF-B1B859CDBB06} = {1D153E14-4B13-413B-ACA0-200CEE0D39E2}
	EndGlobalSection
	GlobalSection(ExtensibilityGlobals) = postSolution
		SolutionGuid = {2083D19C-3851-4364-95A9-449C10AD54E0}
	EndGlobalSection
EndGlobal
